
Microsoft Visual Studio Solution File, Format Version 12.00
# Visual Studio Version 16
VisualStudioVersion = 16.0.31515.178
MinimumVisualStudioVersion = 10.0.40219.1
Project("{9A19103F-16F7-4668-BE54-9A1E7A4F7556}") = "AngerChess", "AngerChess.csproj", "{D831D78A-E7F4-4BB6-B414-97B59C0CC343}"
EndProject
Global
	GlobalSection(SolutionConfigurationPlatforms) = preSolution
		Debug|Any CPU = Debug|Any CPU
		Debug|ARM64 = Debug|ARM64
		Release|Any CPU = Release|Any CPU
		Release|ARM64 = Release|ARM64
	EndGlobalSection
	GlobalSection(ProjectConfigurationPlatforms) = postSolution
		{D831D78A-E7F4-4BB6-B414-97B59C0CC343}.Debug|Any CPU.ActiveCfg = Debug|Any CPU
		{D831D78A-E7F4-4BB6-B414-97B59C0CC343}.Debug|Any CPU.Build.0 = Debug|Any CPU
		{D831D78A-E7F4-4BB6-B414-97B59C0CC343}.Debug|ARM64.ActiveCfg = Debug|ARM64
		{D831D78A-E7F4-4BB6-B414-97B59C0CC343}.Debug|ARM64.Build.0 = Debug|ARM64
		{D831D78A-E7F4-4BB6-B414-97B59C0CC343}.Release|Any CPU.ActiveCfg = Release|Any CPU
		{D831D78A-E7F4-4BB6-B414-97B59C0CC343}.Release|Any CPU.Build.0 = Release|Any CPU
		{D831D78A-E7F4-4BB6-B414-97B59C0CC343}.Release|ARM64.ActiveCfg = Release|ARM64
		{D831D78A-E7F4-4BB6-B414-97B59C0CC343}.Release|ARM64.Build.0 = Release|ARM64
	EndGlobalSection
	GlobalSection(SolutionProperties) = preSolution
		HideSolutionNode = FALSE
	EndGlobalSection
	GlobalSection(ExtensibilityGlobals) = postSolution
		SolutionGuid = {2D324204-DD1E-433B-85AF-B3CCB5B2227E}
	EndGlobalSection
EndGlobal
